
Microsoft Visual Studio Solution File, Format Version 12.00
# Visual Studio Version 17
VisualStudioVersion = 17.1.32210.238
MinimumVisualStudioVersion = 10.0.40219.1
Project("{2150E333-8FDC-42A3-9474-1A3956D46DE8}") = "Services", "Services", "{E37FEA22-C470-4A13-92B5-0F7A3D7FFCB6}"
EndProject
Project("{2150E333-8FDC-42A3-9474-1A3956D46DE8}") = "Catalog", "Catalog", "{E321639C-4C0E-4512-9C20-276AB810D3A4}"
EndProject
Project("{9A19103F-16F7-4668-BE54-9A1E7A4F7556}") = "Catalog.API", "Services\Catalog\Catalog.API\Catalog.API.csproj", "{FA6ADADF-F5DE-4B76-958B-E95EB307D56B}"
EndProject
Project("{E53339B2-1760-4266-BCC7-CA923CBCF16C}") = "docker-compose", "docker-compose.dcproj", "{AF12A577-F517-45D2-BB93-0FCE00962172}"
EndProject
Project("{2150E333-8FDC-42A3-9474-1A3956D46DE8}") = "Basket", "Basket", "{4304C3FD-2830-401A-A43C-E698F324C694}"
EndProject
Project("{9A19103F-16F7-4668-BE54-9A1E7A4F7556}") = "Basket.API", "Services\Basket\Basket.API\Basket.API.csproj", "{BA4320C6-D18D-460D-8979-AC3645B274CE}"
EndProject
Project("{2150E333-8FDC-42A3-9474-1A3956D46DE8}") = "Discount", "Discount", "{DE109F6F-BF4C-479C-B44C-1C1C3AB0645D}"
EndProject
Project("{9A19103F-16F7-4668-BE54-9A1E7A4F7556}") = "Discount.API", "Services\Discount\Discount.API\Discount.API.csproj", "{628C7FB7-157B-4C5A-B07C-D690BAB22ADB}"
EndProject
Project("{9A19103F-16F7-4668-BE54-9A1E7A4F7556}") = "Discount.Grpc", "Services\Discount\Discount.Grpc\Discount.Grpc.csproj", "{D5E74733-815F-48F9-8524-1640D37C0B6D}"
EndProject
Project("{2150E333-8FDC-42A3-9474-1A3956D46DE8}") = "Ordering", "Ordering", "{8B5354AB-033F-4D6B-9074-705E88BEB150}"
EndProject
Project("{9A19103F-16F7-4668-BE54-9A1E7A4F7556}") = "Ordering.API", "Services\Ordering\Ordering.API\Ordering.API.csproj", "{E2E136A3-2488-4DC1-9FDE-755276E480F1}"
EndProject
Project("{9A19103F-16F7-4668-BE54-9A1E7A4F7556}") = "Ordering.Domain", "Services\Ordering\Ordering.Domain\Ordering.Domain.csproj", "{01680B98-1A1A-4A40-A595-43A0C57825F2}"
EndProject
Project("{9A19103F-16F7-4668-BE54-9A1E7A4F7556}") = "Ordering.Application", "Services\Ordering\Ordering.Application\Ordering.Application.csproj", "{579BAF1A-8A66-4E94-8860-AE158D0833AB}"
EndProject
Project("{9A19103F-16F7-4668-BE54-9A1E7A4F7556}") = "Ordering.Infrastructure", "Services\Ordering\Ordering.Infrastructure\Ordering.Infrastructure.csproj", "{3E1FBC5D-13BA-42E2-AD2C-F234D129BF16}"
EndProject
Project("{2150E333-8FDC-42A3-9474-1A3956D46DE8}") = "BuildingBlocks", "BuildingBlocks", "{4557A76C-9CDC-4EF8-9A78-6B402A5DA4F5}"
EndProject
Project("{FAE04EC0-301F-11D3-BF4B-00C04F79EFBC}") = "EventBus.Messages", "BuildingBlocks\EventBus.Messages\EventBus.Messages.csproj", "{F427D691-8679-4485-8519-CB1D6010A8F5}"
EndProject
Global
	GlobalSection(SolutionConfigurationPlatforms) = preSolution
		Debug|Any CPU = Debug|Any CPU
		Release|Any CPU = Release|Any CPU
	EndGlobalSection
	GlobalSection(ProjectConfigurationPlatforms) = postSolution
		{FA6ADADF-F5DE-4B76-958B-E95EB307D56B}.Debug|Any CPU.ActiveCfg = Debug|Any CPU
		{FA6ADADF-F5DE-4B76-958B-E95EB307D56B}.Debug|Any CPU.Build.0 = Debug|Any CPU
		{FA6ADADF-F5DE-4B76-958B-E95EB307D56B}.Release|Any CPU.ActiveCfg = Release|Any CPU
		{FA6ADADF-F5DE-4B76-958B-E95EB307D56B}.Release|Any CPU.Build.0 = Release|Any CPU
		{AF12A577-F517-45D2-BB93-0FCE00962172}.Debug|Any CPU.ActiveCfg = Debug|Any CPU
		{AF12A577-F517-45D2-BB93-0FCE00962172}.Debug|Any CPU.Build.0 = Debug|Any CPU
		{AF12A577-F517-45D2-BB93-0FCE00962172}.Release|Any CPU.ActiveCfg = Release|Any CPU
		{AF12A577-F517-45D2-BB93-0FCE00962172}.Release|Any CPU.Build.0 = Release|Any CPU
		{BA4320C6-D18D-460D-8979-AC3645B274CE}.Debug|Any CPU.ActiveCfg = Debug|Any CPU
		{BA4320C6-D18D-460D-8979-AC3645B274CE}.Debug|Any CPU.Build.0 = Debug|Any CPU
		{BA4320C6-D18D-460D-8979-AC3645B274CE}.Release|Any CPU.ActiveCfg = Release|Any CPU
		{BA4320C6-D18D-460D-8979-AC3645B274CE}.Release|Any CPU.Build.0 = Release|Any CPU
		{628C7FB7-157B-4C5A-B07C-D690BAB22ADB}.Debug|Any CPU.ActiveCfg = Debug|Any CPU
		{628C7FB7-157B-4C5A-B07C-D690BAB22ADB}.Debug|Any CPU.Build.0 = Debug|Any CPU
		{628C7FB7-157B-4C5A-B07C-D690BAB22ADB}.Release|Any CPU.ActiveCfg = Release|Any CPU
		{628C7FB7-157B-4C5A-B07C-D690BAB22ADB}.Release|Any CPU.Build.0 = Release|Any CPU
		{D5E74733-815F-48F9-8524-1640D37C0B6D}.Debug|Any CPU.ActiveCfg = Debug|Any CPU
		{D5E74733-815F-48F9-8524-1640D37C0B6D}.Debug|Any CPU.Build.0 = Debug|Any CPU
		{D5E74733-815F-48F9-8524-1640D37C0B6D}.Release|Any CPU.ActiveCfg = Release|Any CPU
		{D5E74733-815F-48F9-8524-1640D37C0B6D}.Release|Any CPU.Build.0 = Release|Any CPU
		{E2E136A3-2488-4DC1-9FDE-755276E480F1}.Debug|Any CPU.ActiveCfg = Debug|Any CPU
		{E2E136A3-2488-4DC1-9FDE-755276E480F1}.Debug|Any CPU.Build.0 = Debug|Any CPU
		{E2E136A3-2488-4DC1-9FDE-755276E480F1}.Release|Any CPU.ActiveCfg = Release|Any CPU
		{E2E136A3-2488-4DC1-9FDE-755276E480F1}.Release|Any CPU.Build.0 = Release|Any CPU
		{01680B98-1A1A-4A40-A595-43A0C57825F2}.Debug|Any CPU.ActiveCfg = Debug|Any CPU
		{01680B98-1A1A-4A40-A595-43A0C57825F2}.Debug|Any CPU.Build.0 = Debug|Any CPU
		{01680B98-1A1A-4A40-A595-43A0C57825F2}.Release|Any CPU.ActiveCfg = Release|Any CPU
		{01680B98-1A1A-4A40-A595-43A0C57825F2}.Release|Any CPU.Build.0 = Release|Any CPU
		{579BAF1A-8A66-4E94-8860-AE158D0833AB}.Debug|Any CPU.ActiveCfg = Debug|Any CPU
		{579BAF1A-8A66-4E94-8860-AE158D0833AB}.Debug|Any CPU.Build.0 = Debug|Any CPU
		{579BAF1A-8A66-4E94-8860-AE158D0833AB}.Release|Any CPU.ActiveCfg = Release|Any CPU
		{579BAF1A-8A66-4E94-8860-AE158D0833AB}.Release|Any CPU.Build.0 = Release|Any CPU
		{3E1FBC5D-13BA-42E2-AD2C-F234D129BF16}.Debug|Any CPU.ActiveCfg = Debug|Any CPU
		{3E1FBC5D-13BA-42E2-AD2C-F234D129BF16}.Debug|Any CPU.Build.0 = Debug|Any CPU
		{3E1FBC5D-13BA-42E2-AD2C-F234D129BF16}.Release|Any CPU.ActiveCfg = Release|Any CPU
		{3E1FBC5D-13BA-42E2-AD2C-F234D129BF16}.Release|Any CPU.Build.0 = Release|Any CPU
		{F427D691-8679-4485-8519-CB1D6010A8F5}.Debug|Any CPU.ActiveCfg = Debug|Any CPU
		{F427D691-8679-4485-8519-CB1D6010A8F5}.Debug|Any CPU.Build.0 = Debug|Any CPU
		{F427D691-8679-4485-8519-CB1D6010A8F5}.Release|Any CPU.ActiveCfg = Release|Any CPU
		{F427D691-8679-4485-8519-CB1D6010A8F5}.Release|Any CPU.Build.0 = Release|Any CPU
	EndGlobalSection
	GlobalSection(SolutionProperties) = preSolution
		HideSolutionNode = FALSE
	EndGlobalSection
	GlobalSection(NestedProjects) = preSolution
		{E321639C-4C0E-4512-9C20-276AB810D3A4} = {E37FEA22-C470-4A13-92B5-0F7A3D7FFCB6}
		{FA6ADADF-F5DE-4B76-958B-E95EB307D56B} = {E321639C-4C0E-4512-9C20-276AB810D3A4}
		{4304C3FD-2830-401A-A43C-E698F324C694} = {E37FEA22-C470-4A13-92B5-0F7A3D7FFCB6}
		{BA4320C6-D18D-460D-8979-AC3645B274CE} = {4304C3FD-2830-401A-A43C-E698F324C694}
		{DE109F6F-BF4C-479C-B44C-1C1C3AB0645D} = {E37FEA22-C470-4A13-92B5-0F7A3D7FFCB6}
		{628C7FB7-157B-4C5A-B07C-D690BAB22ADB} = {DE109F6F-BF4C-479C-B44C-1C1C3AB0645D}
		{D5E74733-815F-48F9-8524-1640D37C0B6D} = {DE109F6F-BF4C-479C-B44C-1C1C3AB0645D}
		{8B5354AB-033F-4D6B-9074-705E88BEB150} = {E37FEA22-C470-4A13-92B5-0F7A3D7FFCB6}
		{E2E136A3-2488-4DC1-9FDE-755276E480F1} = {8B5354AB-033F-4D6B-9074-705E88BEB150}
		{01680B98-1A1A-4A40-A595-43A0C57825F2} = {8B5354AB-033F-4D6B-9074-705E88BEB150}
		{579BAF1A-8A66-4E94-8860-AE158D0833AB} = {8B5354AB-033F-4D6B-9074-705E88BEB150}
		{3E1FBC5D-13BA-42E2-AD2C-F234D129BF16} = {8B5354AB-033F-4D6B-9074-705E88BEB150}
		{F427D691-8679-4485-8519-CB1D6010A8F5} = {4557A76C-9CDC-4EF8-9A78-6B402A5DA4F5}
	EndGlobalSection
	GlobalSection(ExtensibilityGlobals) = postSolution
		SolutionGuid = {8F828445-C924-4FA3-9AEB-CC5567BF1B65}
	EndGlobalSection
EndGlobal
