
Microsoft Visual Studio Solution File, Format Version 12.00
# Visual Studio Version 17
VisualStudioVersion = 17.1.32210.238
MinimumVisualStudioVersion = 10.0.40219.1
Project("{2150E333-8FDC-42A3-9474-1A3956D46DE8}") = "Services", "Services", "{E37FEA22-C470-4A13-92B5-0F7A3D7FFCB6}"
EndProject
Project("{2150E333-8FDC-42A3-9474-1A3956D46DE8}") = "Catalog", "Catalog", "{E321639C-4C0E-4512-9C20-276AB810D3A4}"
EndProject
Project("{9A19103F-16F7-4668-BE54-9A1E7A4F7556}") = "Catalog.API", "Services\Catalog\Catalog.API\Catalog.API.csproj", "{FA6ADADF-F5DE-4B76-958B-E95EB307D56B}"
EndProject
Project("{E53339B2-1760-4266-BCC7-CA923CBCF16C}") = "docker-compose", "docker-compose.dcproj", "{AF12A577-F517-45D2-BB93-0FCE00962172}"
EndProject
Project("{2150E333-8FDC-42A3-9474-1A3956D46DE8}") = "Basket", "Basket", "{4304C3FD-2830-401A-A43C-E698F324C694}"
EndProject
Project("{FAE04EC0-301F-11D3-BF4B-00C04F79EFBC}") = "Basket.API", "Services\Basket\Basket.API\Basket.API.csproj", "{BA4320C6-D18D-460D-8979-AC3645B274CE}"
EndProject
Global
	GlobalSection(SolutionConfigurationPlatforms) = preSolution
		Debug|Any CPU = Debug|Any CPU
		Release|Any CPU = Release|Any CPU
	EndGlobalSection
	GlobalSection(ProjectConfigurationPlatforms) = postSolution
		{FA6ADADF-F5DE-4B76-958B-E95EB307D56B}.Debug|Any CPU.ActiveCfg = Debug|Any CPU
		{FA6ADADF-F5DE-4B76-958B-E95EB307D56B}.Debug|Any CPU.Build.0 = Debug|Any CPU
		{FA6ADADF-F5DE-4B76-958B-E95EB307D56B}.Release|Any CPU.ActiveCfg = Release|Any CPU
		{FA6ADADF-F5DE-4B76-958B-E95EB307D56B}.Release|Any CPU.Build.0 = Release|Any CPU
		{AF12A577-F517-45D2-BB93-0FCE00962172}.Debug|Any CPU.ActiveCfg = Debug|Any CPU
		{AF12A577-F517-45D2-BB93-0FCE00962172}.Debug|Any CPU.Build.0 = Debug|Any CPU
		{AF12A577-F517-45D2-BB93-0FCE00962172}.Release|Any CPU.ActiveCfg = Release|Any CPU
		{AF12A577-F517-45D2-BB93-0FCE00962172}.Release|Any CPU.Build.0 = Release|Any CPU
		{BA4320C6-D18D-460D-8979-AC3645B274CE}.Debug|Any CPU.ActiveCfg = Debug|Any CPU
		{BA4320C6-D18D-460D-8979-AC3645B274CE}.Debug|Any CPU.Build.0 = Debug|Any CPU
		{BA4320C6-D18D-460D-8979-AC3645B274CE}.Release|Any CPU.ActiveCfg = Release|Any CPU
		{BA4320C6-D18D-460D-8979-AC3645B274CE}.Release|Any CPU.Build.0 = Release|Any CPU
	EndGlobalSection
	GlobalSection(SolutionProperties) = preSolution
		HideSolutionNode = FALSE
	EndGlobalSection
	GlobalSection(NestedProjects) = preSolution
		{E321639C-4C0E-4512-9C20-276AB810D3A4} = {E37FEA22-C470-4A13-92B5-0F7A3D7FFCB6}
		{FA6ADADF-F5DE-4B76-958B-E95EB307D56B} = {E321639C-4C0E-4512-9C20-276AB810D3A4}
		{4304C3FD-2830-401A-A43C-E698F324C694} = {E37FEA22-C470-4A13-92B5-0F7A3D7FFCB6}
		{BA4320C6-D18D-460D-8979-AC3645B274CE} = {4304C3FD-2830-401A-A43C-E698F324C694}
	EndGlobalSection
	GlobalSection(ExtensibilityGlobals) = postSolution
		SolutionGuid = {8F828445-C924-4FA3-9AEB-CC5567BF1B65}
	EndGlobalSection
EndGlobal
